
Microsoft Visual Studio Solution File, Format Version 12.00
# Visual Studio Version 17
VisualStudioVersion = 17.2.32616.157
MinimumVisualStudioVersion = 10.0.40219.1
Project("{FAE04EC0-301F-11D3-BF4B-00C04F79EFBC}") = "SOLID.S", "SOLID.S\SOLID.S.csproj", "{14B0562E-D448-4BE4-9FF1-94A39EFA757A}"
EndProject
Project("{FAE04EC0-301F-11D3-BF4B-00C04F79EFBC}") = "SOLID.O", "SOLID.O\SOLID.O.csproj", "{F045765B-038D-4567-803F-77C9A6005BCD}"
EndProject
Project("{FAE04EC0-301F-11D3-BF4B-00C04F79EFBC}") = "SOLID.L", "SOLID.L\SOLID.L.csproj", "{334B6248-F6A8-4B89-B9D2-3434B7A431B6}"
EndProject
Project("{FAE04EC0-301F-11D3-BF4B-00C04F79EFBC}") = "SOLID.I", "SOLID.I\SOLID.I.csproj", "{90F5D842-B02F-43BD-A8C7-95ABB3E8F315}"
EndProject
Project("{FAE04EC0-301F-11D3-BF4B-00C04F79EFBC}") = "SOLID.D", "SOLID.D\SOLID.D.csproj", "{4DA65852-CAE7-4EB9-9F14-DE3BE9050BA9}"
EndProject
Global
	GlobalSection(SolutionConfigurationPlatforms) = preSolution
		Debug|Any CPU = Debug|Any CPU
		Release|Any CPU = Release|Any CPU
	EndGlobalSection
	GlobalSection(ProjectConfigurationPlatforms) = postSolution
		{14B0562E-D448-4BE4-9FF1-94A39EFA757A}.Debug|Any CPU.ActiveCfg = Debug|Any CPU
		{14B0562E-D448-4BE4-9FF1-94A39EFA757A}.Debug|Any CPU.Build.0 = Debug|Any CPU
		{14B0562E-D448-4BE4-9FF1-94A39EFA757A}.Release|Any CPU.ActiveCfg = Release|Any CPU
		{14B0562E-D448-4BE4-9FF1-94A39EFA757A}.Release|Any CPU.Build.0 = Release|Any CPU
		{F045765B-038D-4567-803F-77C9A6005BCD}.Debug|Any CPU.ActiveCfg = Debug|Any CPU
		{F045765B-038D-4567-803F-77C9A6005BCD}.Debug|Any CPU.Build.0 = Debug|Any CPU
		{F045765B-038D-4567-803F-77C9A6005BCD}.Release|Any CPU.ActiveCfg = Release|Any CPU
		{F045765B-038D-4567-803F-77C9A6005BCD}.Release|Any CPU.Build.0 = Release|Any CPU
		{334B6248-F6A8-4B89-B9D2-3434B7A431B6}.Debug|Any CPU.ActiveCfg = Debug|Any CPU
		{334B6248-F6A8-4B89-B9D2-3434B7A431B6}.Debug|Any CPU.Build.0 = Debug|Any CPU
		{334B6248-F6A8-4B89-B9D2-3434B7A431B6}.Release|Any CPU.ActiveCfg = Release|Any CPU
		{334B6248-F6A8-4B89-B9D2-3434B7A431B6}.Release|Any CPU.Build.0 = Release|Any CPU
		{90F5D842-B02F-43BD-A8C7-95ABB3E8F315}.Debug|Any CPU.ActiveCfg = Debug|Any CPU
		{90F5D842-B02F-43BD-A8C7-95ABB3E8F315}.Debug|Any CPU.Build.0 = Debug|Any CPU
		{90F5D842-B02F-43BD-A8C7-95ABB3E8F315}.Release|Any CPU.ActiveCfg = Release|Any CPU
		{90F5D842-B02F-43BD-A8C7-95ABB3E8F315}.Release|Any CPU.Build.0 = Release|Any CPU
		{4DA65852-CAE7-4EB9-9F14-DE3BE9050BA9}.Debug|Any CPU.ActiveCfg = Debug|Any CPU
		{4DA65852-CAE7-4EB9-9F14-DE3BE9050BA9}.Debug|Any CPU.Build.0 = Debug|Any CPU
		{4DA65852-CAE7-4EB9-9F14-DE3BE9050BA9}.Release|Any CPU.ActiveCfg = Release|Any CPU
		{4DA65852-CAE7-4EB9-9F14-DE3BE9050BA9}.Release|Any CPU.Build.0 = Release|Any CPU
	EndGlobalSection
	GlobalSection(SolutionProperties) = preSolution
		HideSolutionNode = FALSE
	EndGlobalSection
	GlobalSection(ExtensibilityGlobals) = postSolution
		SolutionGuid = {62E5FA06-8665-4B84-B080-7E161BEE8601}
	EndGlobalSection
EndGlobal
